<?xml version="1.0" encoding="UTF-8"?>
<!DOCTYPE plist PUBLIC "-//Apple//DTD PLIST 1.0//EN" "http://www.apple.com/DTDs/PropertyList-1.0.dtd">
<plist version="1.0">
<dict>
	<key>archiveVersion</key>
	<string>1</string>
	<key>classes</key>
	<dict/>
	<key>objectVersion</key>
	<string>46</string>
	<key>objects</key>
	<dict>
		<key>008BCB9F9B1780D0403CAEBD</key>
		<dict>
			<key>buildActionMask</key>
			<string>2147483647</string>
			<key>files</key>
			<array/>
			<key>inputPaths</key>
			<array/>
			<key>isa</key>
			<string>PBXShellScriptBuildPhase</string>
			<key>name</key>
			<string>Embed Pods Frameworks</string>
			<key>outputPaths</key>
			<array/>
			<key>runOnlyForDeploymentPostprocessing</key>
			<string>0</string>
			<key>shellPath</key>
			<string>/bin/sh</string>
			<key>shellScript</key>
			<string>"${SRCROOT}/Pods/Target Support Files/Pods/Pods-frameworks.sh"
</string>
		</dict>
		<key>06B80AF0CC787B4BFAF50351</key>
		<dict>
			<key>explicitFileType</key>
			<string>archive.ar</string>
			<key>includeInIndex</key>
			<string>0</string>
			<key>isa</key>
			<string>PBXFileReference</string>
			<key>path</key>
			<string>libPods.a</string>
			<key>sourceTree</key>
			<string>BUILT_PRODUCTS_DIR</string>
		</dict>
		<key>178ABEE804E8874650F1FB7F</key>
		<dict>
			<key>children</key>
			<array>
				<string>836931A75B23112CF40594F6</string>
				<string>A9140A78570FE50E44436D0A</string>
			</array>
			<key>isa</key>
			<string>PBXGroup</string>
			<key>name</key>
			<string>Pods</string>
			<key>sourceTree</key>
			<string>&lt;group&gt;</string>
		</dict>
		<key>836931A75B23112CF40594F6</key>
		<dict>
			<key>includeInIndex</key>
			<string>1</string>
			<key>isa</key>
			<string>PBXFileReference</string>
			<key>lastKnownFileType</key>
			<string>text.xcconfig</string>
			<key>name</key>
			<string>Pods.debug.xcconfig</string>
			<key>path</key>
			<string>Pods/Target Support Files/Pods/Pods.debug.xcconfig</string>
			<key>sourceTree</key>
			<string>&lt;group&gt;</string>
		</dict>
		<key>A9140A78570FE50E44436D0A</key>
		<dict>
			<key>includeInIndex</key>
			<string>1</string>
			<key>isa</key>
			<string>PBXFileReference</string>
			<key>lastKnownFileType</key>
			<string>text.xcconfig</string>
			<key>name</key>
			<string>Pods.release.xcconfig</string>
			<key>path</key>
			<string>Pods/Target Support Files/Pods/Pods.release.xcconfig</string>
			<key>sourceTree</key>
			<string>&lt;group&gt;</string>
		</dict>
		<key>AD9AAE2485F6048A4C014987</key>
		<dict>
			<key>buildActionMask</key>
			<string>2147483647</string>
			<key>files</key>
			<array/>
			<key>inputPaths</key>
			<array/>
			<key>isa</key>
			<string>PBXShellScriptBuildPhase</string>
			<key>name</key>
			<string>Check Pods Manifest.lock</string>
			<key>outputPaths</key>
			<array/>
			<key>runOnlyForDeploymentPostprocessing</key>
			<string>0</string>
			<key>shellPath</key>
			<string>/bin/sh</string>
			<key>shellScript</key>
			<string>diff "${PODS_ROOT}/../Podfile.lock" "${PODS_ROOT}/Manifest.lock" &gt; /dev/null
if [[ $? != 0 ]] ; then
    cat &lt;&lt; EOM
error: The sandbox is not in sync with the Podfile.lock. Run 'pod install' or update your CocoaPods installation.
EOM
    exit 1
fi
</string>
			<key>showEnvVarsInLog</key>
			<string>0</string>
		</dict>
		<key>C5C885827ECF1CF7A3DF92AD</key>
		<dict>
			<key>buildActionMask</key>
			<string>2147483647</string>
			<key>files</key>
			<array/>
			<key>inputPaths</key>
			<array/>
			<key>isa</key>
			<string>PBXShellScriptBuildPhase</string>
			<key>name</key>
			<string>Copy Pods Resources</string>
			<key>outputPaths</key>
			<array/>
			<key>runOnlyForDeploymentPostprocessing</key>
			<string>0</string>
			<key>shellPath</key>
			<string>/bin/sh</string>
			<key>shellScript</key>
			<string>"${SRCROOT}/Pods/Target Support Files/Pods/Pods-resources.sh"
</string>
			<key>showEnvVarsInLog</key>
			<string>0</string>
		</dict>
		<key>D517881C1C9237CC00D5673D</key>
		<dict>
			<key>children</key>
			<array>
				<string>D58CC8AD1CC5595700B61BBD</string>
				<string>D5A8DD9F1CBF0AA30053289D</string>
				<string>D51788271C9237CC00D5673D</string>
				<string>D517883F1C9237CC00D5673D</string>
				<string>D517884A1C9237CC00D5673D</string>
				<string>D51788261C9237CC00D5673D</string>
				<string>178ABEE804E8874650F1FB7F</string>
				<string>E260E986F853CDC257FC713C</string>
			</array>
			<key>isa</key>
			<string>PBXGroup</string>
			<key>sourceTree</key>
			<string>&lt;group&gt;</string>
		</dict>
		<key>D517881D1C9237CC00D5673D</key>
		<dict>
			<key>attributes</key>
			<dict>
				<key>LastSwiftUpdateCheck</key>
				<string>0730</string>
				<key>LastUpgradeCheck</key>
				<string>0720</string>
				<key>ORGANIZATIONNAME</key>
				<string>DougBergh</string>
				<key>TargetAttributes</key>
				<dict>
					<key>D51788241C9237CC00D5673D</key>
					<dict>
						<key>CreatedOnToolsVersion</key>
						<string>7.2.1</string>
						<key>DevelopmentTeam</key>
						<string>6N5HTMAJ24</string>
					</dict>
					<key>D517883B1C9237CC00D5673D</key>
					<dict>
						<key>CreatedOnToolsVersion</key>
						<string>7.2.1</string>
						<key>TestTargetID</key>
						<string>D51788241C9237CC00D5673D</string>
					</dict>
					<key>D51788461C9237CC00D5673D</key>
					<dict>
						<key>CreatedOnToolsVersion</key>
						<string>7.2.1</string>
						<key>TestTargetID</key>
						<string>D51788241C9237CC00D5673D</string>
					</dict>
				</dict>
			</dict>
			<key>buildConfigurationList</key>
			<string>D51788201C9237CC00D5673D</string>
			<key>compatibilityVersion</key>
			<string>Xcode 3.2</string>
			<key>developmentRegion</key>
			<string>English</string>
			<key>hasScannedForEncodings</key>
			<string>0</string>
			<key>isa</key>
			<string>PBXProject</string>
			<key>knownRegions</key>
			<array>
				<string>en</string>
				<string>Base</string>
			</array>
			<key>mainGroup</key>
			<string>D517881C1C9237CC00D5673D</string>
			<key>productRefGroup</key>
			<string>D51788261C9237CC00D5673D</string>
			<key>projectDirPath</key>
			<string></string>
			<key>projectReferences</key>
			<array>
				<dict>
					<key>ProductGroup</key>
					<string>D5A8DDA01CBF0AA30053289D</string>
					<key>ProjectRef</key>
					<string>D5A8DD9F1CBF0AA30053289D</string>
				</dict>
			</array>
			<key>projectRoot</key>
			<string></string>
			<key>targets</key>
			<array>
				<string>D51788241C9237CC00D5673D</string>
				<string>D517883B1C9237CC00D5673D</string>
				<string>D51788461C9237CC00D5673D</string>
			</array>
		</dict>
		<key>D51788201C9237CC00D5673D</key>
		<dict>
			<key>buildConfigurations</key>
			<array>
				<string>D517884E1C9237CC00D5673D</string>
				<string>D517884F1C9237CC00D5673D</string>
			</array>
			<key>defaultConfigurationIsVisible</key>
			<string>0</string>
			<key>defaultConfigurationName</key>
			<string>Release</string>
			<key>isa</key>
			<string>XCConfigurationList</string>
		</dict>
		<key>D51788211C9237CC00D5673D</key>
		<dict>
			<key>buildActionMask</key>
			<string>2147483647</string>
			<key>files</key>
			<array>
				<string>D51844FC1C9359150064197D</string>
				<string>D5EE1B3A1CC7D8C1002A97E1</string>
				<string>D517882B1C9237CC00D5673D</string>
				<string>D5F9607D1CBDEA1900A7097E</string>
				<string>D51788311C9237CC00D5673D</string>
				<string>D51788291C9237CC00D5673D</string>
				<string>D51844FE1C95EB4D0064197D</string>
			</array>
			<key>isa</key>
			<string>PBXSourcesBuildPhase</string>
			<key>runOnlyForDeploymentPostprocessing</key>
			<string>0</string>
		</dict>
		<key>D51788221C9237CC00D5673D</key>
		<dict>
			<key>buildActionMask</key>
			<string>2147483647</string>
			<key>files</key>
			<array>
				<string>EB73AEF5C57C20E844615B35</string>
			</array>
			<key>isa</key>
			<string>PBXFrameworksBuildPhase</string>
			<key>runOnlyForDeploymentPostprocessing</key>
			<string>0</string>
		</dict>
		<key>D51788231C9237CC00D5673D</key>
		<dict>
			<key>buildActionMask</key>
			<string>2147483647</string>
			<key>files</key>
			<array>
				<string>D562769A1CC59473009298FA</string>
				<string>D5841C2D1CB2FE7400F823BC</string>
				<string>D51788361C9237CC00D5673D</string>
				<string>D58CC8AE1CC5595700B61BBD</string>
				<string>D517882E1C9237CC00D5673D</string>
			</array>
			<key>isa</key>
			<string>PBXResourcesBuildPhase</string>
			<key>runOnlyForDeploymentPostprocessing</key>
			<string>0</string>
		</dict>
		<key>D51788241C9237CC00D5673D</key>
		<dict>
			<key>buildConfigurationList</key>
			<string>D51788501C9237CC00D5673D</string>
			<key>buildPhases</key>
			<array>
				<string>AD9AAE2485F6048A4C014987</string>
				<string>D51788211C9237CC00D5673D</string>
				<string>D51788221C9237CC00D5673D</string>
				<string>D51788231C9237CC00D5673D</string>
				<string>D5A8DD9C1CBF09500053289D</string>
				<string>008BCB9F9B1780D0403CAEBD</string>
				<string>C5C885827ECF1CF7A3DF92AD</string>
			</array>
			<key>buildRules</key>
			<array/>
			<key>dependencies</key>
			<array/>
			<key>isa</key>
			<string>PBXNativeTarget</string>
			<key>name</key>
			<string>timecard</string>
			<key>productName</key>
			<string>timecard</string>
			<key>productReference</key>
			<string>D51788251C9237CC00D5673D</string>
			<key>productType</key>
			<string>com.apple.product-type.application</string>
		</dict>
		<key>D51788251C9237CC00D5673D</key>
		<dict>
			<key>explicitFileType</key>
			<string>wrapper.application</string>
			<key>includeInIndex</key>
			<string>0</string>
			<key>isa</key>
			<string>PBXFileReference</string>
			<key>path</key>
			<string>timecard.app</string>
			<key>sourceTree</key>
			<string>BUILT_PRODUCTS_DIR</string>
		</dict>
		<key>D51788261C9237CC00D5673D</key>
		<dict>
			<key>children</key>
			<array>
				<string>D51788251C9237CC00D5673D</string>
				<string>D517883C1C9237CC00D5673D</string>
				<string>D51788471C9237CC00D5673D</string>
			</array>
			<key>isa</key>
			<string>PBXGroup</string>
			<key>name</key>
			<string>Products</string>
			<key>sourceTree</key>
			<string>&lt;group&gt;</string>
		</dict>
		<key>D51788271C9237CC00D5673D</key>
		<dict>
			<key>children</key>
			<array>
				<string>D5841C2C1CB2FE7400F823BC</string>
				<string>D51788281C9237CC00D5673D</string>
				<string>D517882A1C9237CC00D5673D</string>
				<string>D517882C1C9237CC00D5673D</string>
				<string>D51788321C9237CC00D5673D</string>
				<string>D51788341C9237CC00D5673D</string>
				<string>D51788371C9237CC00D5673D</string>
				<string>D517882F1C9237CC00D5673D</string>
				<string>D51844FB1C9359150064197D</string>
				<string>D51844FD1C95EB4D0064197D</string>
				<string>D5841BFE1CB2E3AE00F823BC</string>
				<string>D5F9607C1CBDEA1900A7097E</string>
				<string>D5EE1B391CC7D8C1002A97E1</string>
			</array>
			<key>isa</key>
			<string>PBXGroup</string>
			<key>path</key>
			<string>timecard</string>
			<key>sourceTree</key>
			<string>&lt;group&gt;</string>
		</dict>
		<key>D51788281C9237CC00D5673D</key>
		<dict>
			<key>isa</key>
			<string>PBXFileReference</string>
			<key>lastKnownFileType</key>
			<string>sourcecode.swift</string>
			<key>path</key>
			<string>AppDelegate.swift</string>
			<key>sourceTree</key>
			<string>&lt;group&gt;</string>
		</dict>
		<key>D51788291C9237CC00D5673D</key>
		<dict>
			<key>fileRef</key>
			<string>D51788281C9237CC00D5673D</string>
			<key>isa</key>
			<string>PBXBuildFile</string>
		</dict>
		<key>D517882A1C9237CC00D5673D</key>
		<dict>
			<key>isa</key>
			<string>PBXFileReference</string>
			<key>lastKnownFileType</key>
			<string>sourcecode.swift</string>
			<key>path</key>
			<string>ViewController.swift</string>
			<key>sourceTree</key>
			<string>&lt;group&gt;</string>
		</dict>
		<key>D517882B1C9237CC00D5673D</key>
		<dict>
			<key>fileRef</key>
			<string>D517882A1C9237CC00D5673D</string>
			<key>isa</key>
			<string>PBXBuildFile</string>
		</dict>
		<key>D517882C1C9237CC00D5673D</key>
		<dict>
			<key>children</key>
			<array>
				<string>D517882D1C9237CC00D5673D</string>
			</array>
			<key>isa</key>
			<string>PBXVariantGroup</string>
			<key>name</key>
			<string>Main.storyboard</string>
			<key>sourceTree</key>
			<string>&lt;group&gt;</string>
		</dict>
		<key>D517882D1C9237CC00D5673D</key>
		<dict>
			<key>isa</key>
			<string>PBXFileReference</string>
			<key>lastKnownFileType</key>
			<string>file.storyboard</string>
			<key>name</key>
			<string>Base</string>
			<key>path</key>
			<string>Base.lproj/Main.storyboard</string>
			<key>sourceTree</key>
			<string>&lt;group&gt;</string>
		</dict>
		<key>D517882E1C9237CC00D5673D</key>
		<dict>
			<key>fileRef</key>
			<string>D517882C1C9237CC00D5673D</string>
			<key>isa</key>
			<string>PBXBuildFile</string>
		</dict>
		<key>D517882F1C9237CC00D5673D</key>
		<dict>
			<key>children</key>
			<array>
				<string>D51788301C9237CC00D5673D</string>
			</array>
			<key>currentVersion</key>
			<string>D51788301C9237CC00D5673D</string>
			<key>isa</key>
			<string>XCVersionGroup</string>
			<key>path</key>
			<string>timecard.xcdatamodeld</string>
			<key>sourceTree</key>
			<string>&lt;group&gt;</string>
			<key>versionGroupType</key>
			<string>wrapper.xcdatamodel</string>
		</dict>
		<key>D51788301C9237CC00D5673D</key>
		<dict>
			<key>isa</key>
			<string>PBXFileReference</string>
			<key>lastKnownFileType</key>
			<string>wrapper.xcdatamodel</string>
			<key>path</key>
			<string>timecard.xcdatamodel</string>
			<key>sourceTree</key>
			<string>&lt;group&gt;</string>
		</dict>
		<key>D51788311C9237CC00D5673D</key>
		<dict>
			<key>fileRef</key>
			<string>D517882F1C9237CC00D5673D</string>
			<key>isa</key>
			<string>PBXBuildFile</string>
		</dict>
		<key>D51788321C9237CC00D5673D</key>
		<dict>
			<key>isa</key>
			<string>PBXFileReference</string>
			<key>lastKnownFileType</key>
			<string>folder.assetcatalog</string>
			<key>path</key>
			<string>Assets.xcassets</string>
			<key>sourceTree</key>
			<string>&lt;group&gt;</string>
		</dict>
		<key>D51788341C9237CC00D5673D</key>
		<dict>
			<key>children</key>
			<array>
				<string>D51788351C9237CC00D5673D</string>
			</array>
			<key>isa</key>
			<string>PBXVariantGroup</string>
			<key>name</key>
			<string>LaunchScreen.storyboard</string>
			<key>sourceTree</key>
			<string>&lt;group&gt;</string>
		</dict>
		<key>D51788351C9237CC00D5673D</key>
		<dict>
			<key>isa</key>
			<string>PBXFileReference</string>
			<key>lastKnownFileType</key>
			<string>file.storyboard</string>
			<key>name</key>
			<string>Base</string>
			<key>path</key>
			<string>Base.lproj/LaunchScreen.storyboard</string>
			<key>sourceTree</key>
			<string>&lt;group&gt;</string>
		</dict>
		<key>D51788361C9237CC00D5673D</key>
		<dict>
			<key>fileRef</key>
			<string>D51788341C9237CC00D5673D</string>
			<key>isa</key>
			<string>PBXBuildFile</string>
		</dict>
		<key>D51788371C9237CC00D5673D</key>
		<dict>
			<key>isa</key>
			<string>PBXFileReference</string>
			<key>lastKnownFileType</key>
			<string>text.plist.xml</string>
			<key>path</key>
			<string>Info.plist</string>
			<key>sourceTree</key>
			<string>&lt;group&gt;</string>
		</dict>
		<key>D51788381C9237CC00D5673D</key>
		<dict>
			<key>buildActionMask</key>
			<string>2147483647</string>
			<key>files</key>
			<array>
				<string>D51788411C9237CC00D5673D</string>
			</array>
			<key>isa</key>
			<string>PBXSourcesBuildPhase</string>
			<key>runOnlyForDeploymentPostprocessing</key>
			<string>0</string>
		</dict>
		<key>D51788391C9237CC00D5673D</key>
		<dict>
			<key>buildActionMask</key>
			<string>2147483647</string>
			<key>files</key>
			<array/>
			<key>isa</key>
			<string>PBXFrameworksBuildPhase</string>
			<key>runOnlyForDeploymentPostprocessing</key>
			<string>0</string>
		</dict>
		<key>D517883A1C9237CC00D5673D</key>
		<dict>
			<key>buildActionMask</key>
			<string>2147483647</string>
			<key>files</key>
			<array/>
			<key>isa</key>
			<string>PBXResourcesBuildPhase</string>
			<key>runOnlyForDeploymentPostprocessing</key>
			<string>0</string>
		</dict>
		<key>D517883B1C9237CC00D5673D</key>
		<dict>
			<key>buildConfigurationList</key>
			<string>D51788531C9237CC00D5673D</string>
			<key>buildPhases</key>
			<array>
				<string>D51788381C9237CC00D5673D</string>
				<string>D51788391C9237CC00D5673D</string>
				<string>D517883A1C9237CC00D5673D</string>
			</array>
			<key>buildRules</key>
			<array/>
			<key>dependencies</key>
			<array>
				<string>D517883E1C9237CC00D5673D</string>
			</array>
			<key>isa</key>
			<string>PBXNativeTarget</string>
			<key>name</key>
			<string>timecardTests</string>
			<key>productName</key>
			<string>timecardTests</string>
			<key>productReference</key>
			<string>D517883C1C9237CC00D5673D</string>
			<key>productType</key>
			<string>com.apple.product-type.bundle.unit-test</string>
		</dict>
		<key>D517883C1C9237CC00D5673D</key>
		<dict>
			<key>explicitFileType</key>
			<string>wrapper.cfbundle</string>
			<key>includeInIndex</key>
			<string>0</string>
			<key>isa</key>
			<string>PBXFileReference</string>
			<key>path</key>
			<string>timecardTests.xctest</string>
			<key>sourceTree</key>
			<string>BUILT_PRODUCTS_DIR</string>
		</dict>
		<key>D517883D1C9237CC00D5673D</key>
		<dict>
			<key>containerPortal</key>
			<string>D517881D1C9237CC00D5673D</string>
			<key>isa</key>
			<string>PBXContainerItemProxy</string>
			<key>proxyType</key>
			<string>1</string>
			<key>remoteGlobalIDString</key>
			<string>D51788241C9237CC00D5673D</string>
			<key>remoteInfo</key>
			<string>timecard</string>
		</dict>
		<key>D517883E1C9237CC00D5673D</key>
		<dict>
			<key>isa</key>
			<string>PBXTargetDependency</string>
			<key>target</key>
			<string>D51788241C9237CC00D5673D</string>
			<key>targetProxy</key>
			<string>D517883D1C9237CC00D5673D</string>
		</dict>
		<key>D517883F1C9237CC00D5673D</key>
		<dict>
			<key>children</key>
			<array>
				<string>D51788401C9237CC00D5673D</string>
				<string>D51788421C9237CC00D5673D</string>
			</array>
			<key>isa</key>
			<string>PBXGroup</string>
			<key>path</key>
			<string>timecardTests</string>
			<key>sourceTree</key>
			<string>&lt;group&gt;</string>
		</dict>
		<key>D51788401C9237CC00D5673D</key>
		<dict>
			<key>isa</key>
			<string>PBXFileReference</string>
			<key>lastKnownFileType</key>
			<string>sourcecode.swift</string>
			<key>path</key>
			<string>timecardTests.swift</string>
			<key>sourceTree</key>
			<string>&lt;group&gt;</string>
		</dict>
		<key>D51788411C9237CC00D5673D</key>
		<dict>
			<key>fileRef</key>
			<string>D51788401C9237CC00D5673D</string>
			<key>isa</key>
			<string>PBXBuildFile</string>
		</dict>
		<key>D51788421C9237CC00D5673D</key>
		<dict>
			<key>isa</key>
			<string>PBXFileReference</string>
			<key>lastKnownFileType</key>
			<string>text.plist.xml</string>
			<key>path</key>
			<string>Info.plist</string>
			<key>sourceTree</key>
			<string>&lt;group&gt;</string>
		</dict>
		<key>D51788431C9237CC00D5673D</key>
		<dict>
			<key>buildActionMask</key>
			<string>2147483647</string>
			<key>files</key>
			<array>
				<string>D517884C1C9237CC00D5673D</string>
			</array>
			<key>isa</key>
			<string>PBXSourcesBuildPhase</string>
			<key>runOnlyForDeploymentPostprocessing</key>
			<string>0</string>
		</dict>
		<key>D51788441C9237CC00D5673D</key>
		<dict>
			<key>buildActionMask</key>
			<string>2147483647</string>
			<key>files</key>
			<array/>
			<key>isa</key>
			<string>PBXFrameworksBuildPhase</string>
			<key>runOnlyForDeploymentPostprocessing</key>
			<string>0</string>
		</dict>
		<key>D51788451C9237CC00D5673D</key>
		<dict>
			<key>buildActionMask</key>
			<string>2147483647</string>
			<key>files</key>
			<array/>
			<key>isa</key>
			<string>PBXResourcesBuildPhase</string>
			<key>runOnlyForDeploymentPostprocessing</key>
			<string>0</string>
		</dict>
		<key>D51788461C9237CC00D5673D</key>
		<dict>
			<key>buildConfigurationList</key>
			<string>D51788561C9237CC00D5673D</string>
			<key>buildPhases</key>
			<array>
				<string>D51788431C9237CC00D5673D</string>
				<string>D51788441C9237CC00D5673D</string>
				<string>D51788451C9237CC00D5673D</string>
			</array>
			<key>buildRules</key>
			<array/>
			<key>dependencies</key>
			<array>
				<string>D51788491C9237CC00D5673D</string>
			</array>
			<key>isa</key>
			<string>PBXNativeTarget</string>
			<key>name</key>
			<string>timecardUITests</string>
			<key>productName</key>
			<string>timecardUITests</string>
			<key>productReference</key>
			<string>D51788471C9237CC00D5673D</string>
			<key>productType</key>
			<string>com.apple.product-type.bundle.ui-testing</string>
		</dict>
		<key>D51788471C9237CC00D5673D</key>
		<dict>
			<key>explicitFileType</key>
			<string>wrapper.cfbundle</string>
			<key>includeInIndex</key>
			<string>0</string>
			<key>isa</key>
			<string>PBXFileReference</string>
			<key>path</key>
			<string>timecardUITests.xctest</string>
			<key>sourceTree</key>
			<string>BUILT_PRODUCTS_DIR</string>
		</dict>
		<key>D51788481C9237CC00D5673D</key>
		<dict>
			<key>containerPortal</key>
			<string>D517881D1C9237CC00D5673D</string>
			<key>isa</key>
			<string>PBXContainerItemProxy</string>
			<key>proxyType</key>
			<string>1</string>
			<key>remoteGlobalIDString</key>
			<string>D51788241C9237CC00D5673D</string>
			<key>remoteInfo</key>
			<string>timecard</string>
		</dict>
		<key>D51788491C9237CC00D5673D</key>
		<dict>
			<key>isa</key>
			<string>PBXTargetDependency</string>
			<key>target</key>
			<string>D51788241C9237CC00D5673D</string>
			<key>targetProxy</key>
			<string>D51788481C9237CC00D5673D</string>
		</dict>
		<key>D517884A1C9237CC00D5673D</key>
		<dict>
			<key>children</key>
			<array>
				<string>D517884B1C9237CC00D5673D</string>
				<string>D517884D1C9237CC00D5673D</string>
			</array>
			<key>isa</key>
			<string>PBXGroup</string>
			<key>path</key>
			<string>timecardUITests</string>
			<key>sourceTree</key>
			<string>&lt;group&gt;</string>
		</dict>
		<key>D517884B1C9237CC00D5673D</key>
		<dict>
			<key>isa</key>
			<string>PBXFileReference</string>
			<key>lastKnownFileType</key>
			<string>sourcecode.swift</string>
			<key>path</key>
			<string>timecardUITests.swift</string>
			<key>sourceTree</key>
			<string>&lt;group&gt;</string>
		</dict>
		<key>D517884C1C9237CC00D5673D</key>
		<dict>
			<key>fileRef</key>
			<string>D517884B1C9237CC00D5673D</string>
			<key>isa</key>
			<string>PBXBuildFile</string>
		</dict>
		<key>D517884D1C9237CC00D5673D</key>
		<dict>
			<key>isa</key>
			<string>PBXFileReference</string>
			<key>lastKnownFileType</key>
			<string>text.plist.xml</string>
			<key>path</key>
			<string>Info.plist</string>
			<key>sourceTree</key>
			<string>&lt;group&gt;</string>
		</dict>
		<key>D517884E1C9237CC00D5673D</key>
		<dict>
			<key>buildSettings</key>
			<dict>
				<key>ALWAYS_SEARCH_USER_PATHS</key>
				<string>NO</string>
				<key>CLANG_CXX_LANGUAGE_STANDARD</key>
				<string>gnu++0x</string>
				<key>CLANG_CXX_LIBRARY</key>
				<string>libc++</string>
				<key>CLANG_ENABLE_MODULES</key>
				<string>YES</string>
				<key>CLANG_ENABLE_OBJC_ARC</key>
				<string>YES</string>
				<key>CLANG_WARN_BOOL_CONVERSION</key>
				<string>YES</string>
				<key>CLANG_WARN_CONSTANT_CONVERSION</key>
				<string>YES</string>
				<key>CLANG_WARN_DIRECT_OBJC_ISA_USAGE</key>
				<string>YES_ERROR</string>
				<key>CLANG_WARN_EMPTY_BODY</key>
				<string>YES</string>
				<key>CLANG_WARN_ENUM_CONVERSION</key>
				<string>YES</string>
				<key>CLANG_WARN_INT_CONVERSION</key>
				<string>YES</string>
				<key>CLANG_WARN_OBJC_ROOT_CLASS</key>
				<string>YES_ERROR</string>
				<key>CLANG_WARN_UNREACHABLE_CODE</key>
				<string>YES</string>
				<key>CLANG_WARN__DUPLICATE_METHOD_MATCH</key>
				<string>YES</string>
				<key>CODE_SIGN_IDENTITY[sdk=iphoneos*]</key>
				<string>iPhone Developer</string>
				<key>COPY_PHASE_STRIP</key>
				<string>NO</string>
				<key>DEBUG_INFORMATION_FORMAT</key>
				<string>dwarf</string>
				<key>ENABLE_STRICT_OBJC_MSGSEND</key>
				<string>YES</string>
				<key>ENABLE_TESTABILITY</key>
				<string>YES</string>
				<key>GCC_C_LANGUAGE_STANDARD</key>
				<string>gnu99</string>
				<key>GCC_DYNAMIC_NO_PIC</key>
				<string>NO</string>
				<key>GCC_NO_COMMON_BLOCKS</key>
				<string>YES</string>
				<key>GCC_OPTIMIZATION_LEVEL</key>
				<string>0</string>
				<key>GCC_PREPROCESSOR_DEFINITIONS</key>
				<array>
					<string>DEBUG=1</string>
					<string>$(inherited)</string>
				</array>
				<key>GCC_PREPROCESSOR_DEFINITIONS[arch=*]</key>
				<array>
					<string>DEBUG=1</string>
					<string>GTL_BUILT_AS_FRAMEWORK=1</string>
				</array>
				<key>GCC_WARN_64_TO_32_BIT_CONVERSION</key>
				<string>YES</string>
				<key>GCC_WARN_ABOUT_RETURN_TYPE</key>
				<string>YES_ERROR</string>
				<key>GCC_WARN_UNDECLARED_SELECTOR</key>
				<string>YES</string>
				<key>GCC_WARN_UNINITIALIZED_AUTOS</key>
				<string>YES_AGGRESSIVE</string>
				<key>GCC_WARN_UNUSED_FUNCTION</key>
				<string>YES</string>
				<key>GCC_WARN_UNUSED_VARIABLE</key>
				<string>YES</string>
				<key>IPHONEOS_DEPLOYMENT_TARGET</key>
				<string>9.2</string>
				<key>MTL_ENABLE_DEBUG_INFO</key>
				<string>YES</string>
				<key>ONLY_ACTIVE_ARCH</key>
				<string>YES</string>
				<key>SDKROOT</key>
				<string>iphoneos</string>
				<key>SWIFT_OPTIMIZATION_LEVEL</key>
				<string>-Onone</string>
				<key>TARGETED_DEVICE_FAMILY</key>
				<string>1,2</string>
			</dict>
			<key>isa</key>
			<string>XCBuildConfiguration</string>
			<key>name</key>
			<string>Debug</string>
		</dict>
		<key>D517884F1C9237CC00D5673D</key>
		<dict>
			<key>buildSettings</key>
			<dict>
				<key>ALWAYS_SEARCH_USER_PATHS</key>
				<string>NO</string>
				<key>CLANG_CXX_LANGUAGE_STANDARD</key>
				<string>gnu++0x</string>
				<key>CLANG_CXX_LIBRARY</key>
				<string>libc++</string>
				<key>CLANG_ENABLE_MODULES</key>
				<string>YES</string>
				<key>CLANG_ENABLE_OBJC_ARC</key>
				<string>YES</string>
				<key>CLANG_WARN_BOOL_CONVERSION</key>
				<string>YES</string>
				<key>CLANG_WARN_CONSTANT_CONVERSION</key>
				<string>YES</string>
				<key>CLANG_WARN_DIRECT_OBJC_ISA_USAGE</key>
				<string>YES_ERROR</string>
				<key>CLANG_WARN_EMPTY_BODY</key>
				<string>YES</string>
				<key>CLANG_WARN_ENUM_CONVERSION</key>
				<string>YES</string>
				<key>CLANG_WARN_INT_CONVERSION</key>
				<string>YES</string>
				<key>CLANG_WARN_OBJC_ROOT_CLASS</key>
				<string>YES_ERROR</string>
				<key>CLANG_WARN_UNREACHABLE_CODE</key>
				<string>YES</string>
				<key>CLANG_WARN__DUPLICATE_METHOD_MATCH</key>
				<string>YES</string>
				<key>CODE_SIGN_IDENTITY[sdk=iphoneos*]</key>
				<string>iPhone Developer</string>
				<key>COPY_PHASE_STRIP</key>
				<string>NO</string>
				<key>DEBUG_INFORMATION_FORMAT</key>
				<string>dwarf-with-dsym</string>
				<key>ENABLE_NS_ASSERTIONS</key>
				<string>NO</string>
				<key>ENABLE_STRICT_OBJC_MSGSEND</key>
				<string>YES</string>
				<key>GCC_C_LANGUAGE_STANDARD</key>
				<string>gnu99</string>
				<key>GCC_NO_COMMON_BLOCKS</key>
				<string>YES</string>
				<key>GCC_PREPROCESSOR_DEFINITIONS[arch=*]</key>
				<string>GTL_BUILT_AS_FRAMEWORK=1</string>
				<key>GCC_WARN_64_TO_32_BIT_CONVERSION</key>
				<string>YES</string>
				<key>GCC_WARN_ABOUT_RETURN_TYPE</key>
				<string>YES_ERROR</string>
				<key>GCC_WARN_UNDECLARED_SELECTOR</key>
				<string>YES</string>
				<key>GCC_WARN_UNINITIALIZED_AUTOS</key>
				<string>YES_AGGRESSIVE</string>
				<key>GCC_WARN_UNUSED_FUNCTION</key>
				<string>YES</string>
				<key>GCC_WARN_UNUSED_VARIABLE</key>
				<string>YES</string>
				<key>IPHONEOS_DEPLOYMENT_TARGET</key>
				<string>9.2</string>
				<key>MTL_ENABLE_DEBUG_INFO</key>
				<string>NO</string>
				<key>SDKROOT</key>
				<string>iphoneos</string>
				<key>TARGETED_DEVICE_FAMILY</key>
				<string>1,2</string>
				<key>VALIDATE_PRODUCT</key>
				<string>YES</string>
			</dict>
			<key>isa</key>
			<string>XCBuildConfiguration</string>
			<key>name</key>
			<string>Release</string>
		</dict>
		<key>D51788501C9237CC00D5673D</key>
		<dict>
			<key>buildConfigurations</key>
			<array>
				<string>D51788511C9237CC00D5673D</string>
				<string>D51788521C9237CC00D5673D</string>
			</array>
			<key>defaultConfigurationIsVisible</key>
			<string>0</string>
			<key>defaultConfigurationName</key>
			<string>Release</string>
			<key>isa</key>
			<string>XCConfigurationList</string>
		</dict>
		<key>D51788511C9237CC00D5673D</key>
		<dict>
			<key>baseConfigurationReference</key>
			<string>836931A75B23112CF40594F6</string>
			<key>buildSettings</key>
			<dict>
				<key>ASSETCATALOG_COMPILER_APPICON_NAME</key>
				<string>AppIcon</string>
				<key>CLANG_ENABLE_MODULES</key>
				<string>YES</string>
				<key>CODE_SIGN_IDENTITY</key>
				<string>iPhone Developer</string>
				<key>CODE_SIGN_IDENTITY[sdk=iphoneos*]</key>
				<string>iPhone Developer</string>
				<key>ENABLE_BITCODE</key>
				<string>YES</string>
				<key>GCC_PREPROCESSOR_DEFINITIONS[arch=*]</key>
				<string>DEBUG=1</string>
				<key>INFOPLIST_FILE</key>
				<string>timecard/Info.plist</string>
				<key>LD_MAP_FILE_PATH[arch=*]</key>
				<string>$(TARGET_TEMP_DIR)/$(PRODUCT_NAME)-LinkMap-$(CURRENT_VARIANT)-$(CURRENT_ARCH).txt</string>
				<key>LD_RUNPATH_SEARCH_PATHS</key>
				<string>$(inherited) @executable_path/Frameworks</string>
				<key>LIBRARY_SEARCH_PATHS</key>
				<array>
					<string>$(inherited)</string>
					<string>$(PROJECT_DIR)/build/Debug-iphoneos</string>
				</array>
				<key>PRODUCT_BUNDLE_IDENTIFIER</key>
				<string>org.dougbergh.timecard</string>
				<key>PRODUCT_NAME</key>
				<string>$(TARGET_NAME)</string>
				<key>PROVISIONING_PROFILE</key>
				<string></string>
				<key>SWIFT_OBJC_BRIDGING_HEADER</key>
				<string>timecard/timecard-Bridging-Header.h</string>
				<key>SWIFT_OPTIMIZATION_LEVEL</key>
				<string>-Onone</string>
				<key>TARGETED_DEVICE_FAMILY</key>
				<string>1,2</string>
			</dict>
			<key>isa</key>
			<string>XCBuildConfiguration</string>
			<key>name</key>
			<string>Debug</string>
		</dict>
		<key>D51788521C9237CC00D5673D</key>
		<dict>
			<key>baseConfigurationReference</key>
			<string>A9140A78570FE50E44436D0A</string>
			<key>buildSettings</key>
			<dict>
				<key>ASSETCATALOG_COMPILER_APPICON_NAME</key>
				<string>AppIcon</string>
				<key>CLANG_ENABLE_MODULES</key>
				<string>YES</string>
				<key>CODE_SIGN_IDENTITY</key>
				<string>iPhone Developer</string>
				<key>CODE_SIGN_IDENTITY[sdk=iphoneos*]</key>
				<string>iPhone Developer</string>
				<key>ENABLE_BITCODE</key>
				<string>YES</string>
				<key>FRAMEWORK_SEARCH_PATHS[arch=*]</key>
				<string></string>
				<key>GCC_PREPROCESSOR_DEFINITIONS[arch=*]</key>
				<string></string>
				<key>INFOPLIST_FILE</key>
				<string>timecard/Info.plist</string>
				<key>LD_RUNPATH_SEARCH_PATHS</key>
				<string>$(inherited) @executable_path/Frameworks</string>
				<key>LIBRARY_SEARCH_PATHS</key>
				<array>
					<string>$(inherited)</string>
					<string>$(PROJECT_DIR)/build/Debug-iphoneos</string>
				</array>
				<key>PRODUCT_BUNDLE_IDENTIFIER</key>
				<string>org.dougbergh.timecard</string>
				<key>PRODUCT_NAME</key>
				<string>$(TARGET_NAME)</string>
				<key>PROVISIONING_PROFILE</key>
				<string></string>
				<key>SWIFT_OBJC_BRIDGING_HEADER</key>
				<string>timecard/timecard-Bridging-Header.h</string>
				<key>TARGETED_DEVICE_FAMILY</key>
				<string>1,2</string>
			</dict>
			<key>isa</key>
			<string>XCBuildConfiguration</string>
			<key>name</key>
			<string>Release</string>
		</dict>
		<key>D51788531C9237CC00D5673D</key>
		<dict>
			<key>buildConfigurations</key>
			<array>
				<string>D51788541C9237CC00D5673D</string>
				<string>D51788551C9237CC00D5673D</string>
			</array>
			<key>defaultConfigurationIsVisible</key>
			<string>0</string>
			<key>defaultConfigurationName</key>
			<string>Release</string>
			<key>isa</key>
			<string>XCConfigurationList</string>
		</dict>
		<key>D51788541C9237CC00D5673D</key>
		<dict>
			<key>buildSettings</key>
			<dict>
				<key>BUNDLE_LOADER</key>
				<string>$(TEST_HOST)</string>
				<key>INFOPLIST_FILE</key>
				<string>timecardTests/Info.plist</string>
				<key>LD_RUNPATH_SEARCH_PATHS</key>
				<string>$(inherited) @executable_path/Frameworks @loader_path/Frameworks</string>
				<key>PRODUCT_BUNDLE_IDENTIFIER</key>
				<string>org.dougbergh.timecardTests</string>
				<key>PRODUCT_NAME</key>
				<string>$(TARGET_NAME)</string>
				<key>TEST_HOST</key>
				<string>$(BUILT_PRODUCTS_DIR)/timecard.app/timecard</string>
			</dict>
			<key>isa</key>
			<string>XCBuildConfiguration</string>
			<key>name</key>
			<string>Debug</string>
		</dict>
		<key>D51788551C9237CC00D5673D</key>
		<dict>
			<key>buildSettings</key>
			<dict>
				<key>BUNDLE_LOADER</key>
				<string>$(TEST_HOST)</string>
				<key>INFOPLIST_FILE</key>
				<string>timecardTests/Info.plist</string>
				<key>LD_RUNPATH_SEARCH_PATHS</key>
				<string>$(inherited) @executable_path/Frameworks @loader_path/Frameworks</string>
				<key>PRODUCT_BUNDLE_IDENTIFIER</key>
				<string>org.dougbergh.timecardTests</string>
				<key>PRODUCT_NAME</key>
				<string>$(TARGET_NAME)</string>
				<key>TEST_HOST</key>
				<string>$(BUILT_PRODUCTS_DIR)/timecard.app/timecard</string>
			</dict>
			<key>isa</key>
			<string>XCBuildConfiguration</string>
			<key>name</key>
			<string>Release</string>
		</dict>
		<key>D51788561C9237CC00D5673D</key>
		<dict>
			<key>buildConfigurations</key>
			<array>
				<string>D51788571C9237CC00D5673D</string>
				<string>D51788581C9237CC00D5673D</string>
			</array>
			<key>defaultConfigurationIsVisible</key>
			<string>0</string>
			<key>defaultConfigurationName</key>
			<string>Release</string>
			<key>isa</key>
			<string>XCConfigurationList</string>
		</dict>
		<key>D51788571C9237CC00D5673D</key>
		<dict>
			<key>buildSettings</key>
			<dict>
				<key>INFOPLIST_FILE</key>
				<string>timecardUITests/Info.plist</string>
				<key>LD_RUNPATH_SEARCH_PATHS</key>
				<string>$(inherited) @executable_path/Frameworks @loader_path/Frameworks</string>
				<key>PRODUCT_BUNDLE_IDENTIFIER</key>
				<string>org.dougbergh.timecardUITests</string>
				<key>PRODUCT_NAME</key>
				<string>$(TARGET_NAME)</string>
				<key>TEST_TARGET_NAME</key>
				<string>timecard</string>
				<key>USES_XCTRUNNER</key>
				<string>YES</string>
			</dict>
			<key>isa</key>
			<string>XCBuildConfiguration</string>
			<key>name</key>
			<string>Debug</string>
		</dict>
		<key>D51788581C9237CC00D5673D</key>
		<dict>
			<key>buildSettings</key>
			<dict>
				<key>INFOPLIST_FILE</key>
				<string>timecardUITests/Info.plist</string>
				<key>LD_RUNPATH_SEARCH_PATHS</key>
				<string>$(inherited) @executable_path/Frameworks @loader_path/Frameworks</string>
				<key>PRODUCT_BUNDLE_IDENTIFIER</key>
				<string>org.dougbergh.timecardUITests</string>
				<key>PRODUCT_NAME</key>
				<string>$(TARGET_NAME)</string>
				<key>TEST_TARGET_NAME</key>
				<string>timecard</string>
				<key>USES_XCTRUNNER</key>
				<string>YES</string>
			</dict>
			<key>isa</key>
			<string>XCBuildConfiguration</string>
			<key>name</key>
			<string>Release</string>
		</dict>
		<key>D51844FB1C9359150064197D</key>
		<dict>
			<key>fileEncoding</key>
			<string>4</string>
			<key>isa</key>
			<string>PBXFileReference</string>
			<key>lastKnownFileType</key>
			<string>sourcecode.swift</string>
			<key>path</key>
			<string>Tasks.swift</string>
			<key>sourceTree</key>
			<string>&lt;group&gt;</string>
		</dict>
		<key>D51844FC1C9359150064197D</key>
		<dict>
			<key>fileRef</key>
			<string>D51844FB1C9359150064197D</string>
			<key>isa</key>
			<string>PBXBuildFile</string>
		</dict>
		<key>D51844FD1C95EB4D0064197D</key>
		<dict>
			<key>fileEncoding</key>
			<string>4</string>
			<key>isa</key>
			<string>PBXFileReference</string>
			<key>lastKnownFileType</key>
			<string>sourcecode.swift</string>
			<key>path</key>
			<string>Clock.swift</string>
			<key>sourceTree</key>
			<string>&lt;group&gt;</string>
		</dict>
		<key>D51844FE1C95EB4D0064197D</key>
		<dict>
			<key>fileRef</key>
			<string>D51844FD1C95EB4D0064197D</string>
			<key>isa</key>
			<string>PBXBuildFile</string>
		</dict>
		<key>D56276981CC591EF009298FA</key>
		<dict>
			<key>isa</key>
			<string>PBXFileReference</string>
			<key>lastKnownFileType</key>
			<string>archive.ar</string>
			<key>name</key>
			<string>libGoogle-API-Client.a</string>
			<key>path</key>
			<string>Pods/../build/Debug-iphoneos/libGoogle-API-Client.a</string>
			<key>sourceTree</key>
			<string>&lt;group&gt;</string>
		</dict>
		<key>D562769A1CC59473009298FA</key>
		<dict>
			<key>fileRef</key>
			<string>D51788321C9237CC00D5673D</string>
			<key>isa</key>
			<string>PBXBuildFile</string>
		</dict>
		<key>D5841BFE1CB2E3AE00F823BC</key>
		<dict>
			<key>isa</key>
			<string>PBXFileReference</string>
			<key>lastKnownFileType</key>
			<string>sourcecode.c.h</string>
			<key>path</key>
			<string>timecard-Bridging-Header.h</string>
			<key>sourceTree</key>
			<string>&lt;group&gt;</string>
		</dict>
		<key>D5841C2C1CB2FE7400F823BC</key>
		<dict>
			<key>fileEncoding</key>
			<string>4</string>
			<key>isa</key>
			<string>PBXFileReference</string>
			<key>lastKnownFileType</key>
			<string>file.xib</string>
			<key>name</key>
			<string>GTMOAuth2ViewTouch.xib</string>
			<key>path</key>
			<string>../../google-api-objectivec-client/Deps/gtm-oauth2/Source/Touch/GTMOAuth2ViewTouch.xib</string>
			<key>sourceTree</key>
			<string>&lt;group&gt;</string>
		</dict>
		<key>D5841C2D1CB2FE7400F823BC</key>
		<dict>
			<key>fileRef</key>
			<string>D5841C2C1CB2FE7400F823BC</string>
			<key>isa</key>
			<string>PBXBuildFile</string>
		</dict>
		<key>D586235B1CD153B500F7AFBE</key>
		<dict>
			<key>isa</key>
			<string>PBXFileReference</string>
			<key>lastKnownFileType</key>
			<string>wrapper.framework</string>
			<key>name</key>
			<string>SwiftyJSON.framework</string>
			<key>path</key>
			<string>../../../Library/Developer/Xcode/DerivedData/timecard-bqscgzsnnoplobfnsrfqrjbnsiwi/Build/Products/Debug-iphoneos/SwiftyJSON.framework</string>
			<key>sourceTree</key>
			<string>&lt;group&gt;</string>
		</dict>
		<key>D58CC8AD1CC5595700B61BBD</key>
		<dict>
			<key>fileEncoding</key>
			<string>4</string>
			<key>isa</key>
			<string>PBXFileReference</string>
			<key>lastKnownFileType</key>
			<string>text</string>
			<key>path</key>
			<string>Podfile</string>
			<key>sourceTree</key>
			<string>&lt;group&gt;</string>
			<key>xcLanguageSpecificationIdentifier</key>
			<string>xcode.lang.ruby</string>
		</dict>
		<key>D58CC8AE1CC5595700B61BBD</key>
		<dict>
			<key>fileRef</key>
			<string>D58CC8AD1CC5595700B61BBD</string>
			<key>isa</key>
			<string>PBXBuildFile</string>
		</dict>
		<key>D5A8DD9C1CBF09500053289D</key>
		<dict>
			<key>buildActionMask</key>
			<string>12</string>
			<key>dstPath</key>
			<string></string>
			<key>dstSubfolderSpec</key>
			<string>6</string>
			<key>files</key>
			<array/>
			<key>isa</key>
			<string>PBXCopyFilesBuildPhase</string>
			<key>name</key>
			<string>Embed Frameworks</string>
			<key>runOnlyForDeploymentPostprocessing</key>
			<string>0</string>
		</dict>
		<key>D5A8DD9F1CBF0AA30053289D</key>
		<dict>
			<key>isa</key>
			<string>PBXFileReference</string>
			<key>lastKnownFileType</key>
			<string>wrapper.pb-project</string>
			<key>path</key>
			<string>timecard.xcodeproj</string>
			<key>sourceTree</key>
			<string>&lt;group&gt;</string>
		</dict>
		<key>D5A8DDA01CBF0AA30053289D</key>
		<dict>
			<key>children</key>
			<array/>
			<key>isa</key>
			<string>PBXGroup</string>
			<key>name</key>
			<string>Products</string>
			<key>sourceTree</key>
			<string>&lt;group&gt;</string>
		</dict>
		<key>D5EE1B391CC7D8C1002A97E1</key>
		<dict>
			<key>fileEncoding</key>
			<string>4</string>
			<key>isa</key>
			<string>PBXFileReference</string>
			<key>lastKnownFileType</key>
			<string>sourcecode.swift</string>
			<key>path</key>
			<string>StartViewController.swift</string>
			<key>sourceTree</key>
			<string>&lt;group&gt;</string>
		</dict>
		<key>D5EE1B3A1CC7D8C1002A97E1</key>
		<dict>
			<key>fileRef</key>
			<string>D5EE1B391CC7D8C1002A97E1</string>
			<key>isa</key>
			<string>PBXBuildFile</string>
		</dict>
		<key>D5F9607C1CBDEA1900A7097E</key>
		<dict>
			<key>fileEncoding</key>
			<string>4</string>
			<key>isa</key>
			<string>PBXFileReference</string>
			<key>lastKnownFileType</key>
			<string>sourcecode.swift</string>
			<key>path</key>
			<string>GoogleSheetService.swift</string>
			<key>sourceTree</key>
			<string>&lt;group&gt;</string>
		</dict>
		<key>D5F9607D1CBDEA1900A7097E</key>
		<dict>
			<key>fileRef</key>
			<string>D5F9607C1CBDEA1900A7097E</string>
			<key>isa</key>
			<string>PBXBuildFile</string>
		</dict>
		<key>E260E986F853CDC257FC713C</key>
		<dict>
			<key>children</key>
			<array>
				<string>D586235B1CD153B500F7AFBE</string>
				<string>D56276981CC591EF009298FA</string>
				<string>06B80AF0CC787B4BFAF50351</string>
			</array>
			<key>isa</key>
			<string>PBXGroup</string>
			<key>name</key>
			<string>Frameworks</string>
			<key>sourceTree</key>
			<string>&lt;group&gt;</string>
		</dict>
		<key>EB73AEF5C57C20E844615B35</key>
		<dict>
			<key>fileRef</key>
			<string>06B80AF0CC787B4BFAF50351</string>
			<key>isa</key>
			<string>PBXBuildFile</string>
		</dict>
	</dict>
	<key>rootObject</key>
	<string>D517881D1C9237CC00D5673D</string>
</dict>
</plist>
